
Microsoft Visual Studio Solution File, Format Version 12.00
# Visual Studio 15
VisualStudioVersion = 15.0.28307.136
MinimumVisualStudioVersion = 10.0.40219.1
Project("{9A19103F-16F7-4668-BE54-9A1E7A4F7556}") = "vashamebel", "vashamebel\vashamebel.csproj", "{700B3351-A0B3-426C-B59A-9D8DED5AE216}"
EndProject
Project("{2150E333-8FDC-42A3-9474-1A3956D46DE8}") = "skrin foto", "skrin foto", "{B92FC06E-8B69-43EC-B4E4-AA72893242F8}"
	ProjectSection(SolutionItems) = preProject
		..\..\..\Downloads\Гитхаб\Скины ваша мебель_1\1.jpg = ..\..\..\Downloads\Гитхаб\Скины ваша мебель_1\1.jpg
		..\..\..\Downloads\Гитхаб\Скины ваша мебель_1\2.jpg = ..\..\..\Downloads\Гитхаб\Скины ваша мебель_1\2.jpg
		..\..\..\Downloads\Гитхаб\Скины ваша мебель_1\3.jpg = ..\..\..\Downloads\Гитхаб\Скины ваша мебель_1\3.jpg
		..\..\..\Downloads\Гитхаб\Скины ваша мебель_1\4.jpg = ..\..\..\Downloads\Гитхаб\Скины ваша мебель_1\4.jpg
		..\..\..\Downloads\Гитхаб\Скины ваша мебель_1\5.jpg = ..\..\..\Downloads\Гитхаб\Скины ваша мебель_1\5.jpg
	EndProjectSection
EndProject
Global
	GlobalSection(SolutionConfigurationPlatforms) = preSolution
		Debug|Any CPU = Debug|Any CPU
		Release|Any CPU = Release|Any CPU
	EndGlobalSection
	GlobalSection(ProjectConfigurationPlatforms) = postSolution
		{700B3351-A0B3-426C-B59A-9D8DED5AE216}.Debug|Any CPU.ActiveCfg = Debug|Any CPU
		{700B3351-A0B3-426C-B59A-9D8DED5AE216}.Debug|Any CPU.Build.0 = Debug|Any CPU
		{700B3351-A0B3-426C-B59A-9D8DED5AE216}.Release|Any CPU.ActiveCfg = Release|Any CPU
		{700B3351-A0B3-426C-B59A-9D8DED5AE216}.Release|Any CPU.Build.0 = Release|Any CPU
	EndGlobalSection
	GlobalSection(SolutionProperties) = preSolution
		HideSolutionNode = FALSE
	EndGlobalSection
	GlobalSection(ExtensibilityGlobals) = postSolution
		SolutionGuid = {18877A54-D35E-420D-A2A4-F54070F866BE}
	EndGlobalSection
EndGlobal
